
Microsoft Visual Studio Solution File, Format Version 12.00
# Visual Studio 2013
VisualStudioVersion = 12.0.31101.0
MinimumVisualStudioVersion = 10.0.40219.1
Project("{8BC9CEB8-8B4A-11D0-8D11-00A0C91BC942}") = "pascals-triangle", "pascals-triangle\pascals-triangle.vcxproj", "{C4AEA918-6E32-4592-A975-B2F1220848F0}"
EndProject
Project("{8BC9CEB8-8B4A-11D0-8D11-00A0C91BC942}") = "Center", "..\Center\Center.vcxproj", "{06196938-C4CD-4F1B-9759-A9AF9CF2F41F}"
EndProject
Global
	GlobalSection(SolutionConfigurationPlatforms) = preSolution
		Debug|Win32 = Debug|Win32
		Release|Win32 = Release|Win32
	EndGlobalSection
	GlobalSection(ProjectConfigurationPlatforms) = postSolution
		{C4AEA918-6E32-4592-A975-B2F1220848F0}.Debug|Win32.ActiveCfg = Debug|Win32
		{C4AEA918-6E32-4592-A975-B2F1220848F0}.Debug|Win32.Build.0 = Debug|Win32
		{C4AEA918-6E32-4592-A975-B2F1220848F0}.Release|Win32.ActiveCfg = Release|Win32
		{C4AEA918-6E32-4592-A975-B2F1220848F0}.Release|Win32.Build.0 = Release|Win32
		{06196938-C4CD-4F1B-9759-A9AF9CF2F41F}.Debug|Win32.ActiveCfg = Debug|Win32
		{06196938-C4CD-4F1B-9759-A9AF9CF2F41F}.Debug|Win32.Build.0 = Debug|Win32
		{06196938-C4CD-4F1B-9759-A9AF9CF2F41F}.Release|Win32.ActiveCfg = Release|Win32
		{06196938-C4CD-4F1B-9759-A9AF9CF2F41F}.Release|Win32.Build.0 = Release|Win32
	EndGlobalSection
	GlobalSection(SolutionProperties) = preSolution
		HideSolutionNode = FALSE
	EndGlobalSection
EndGlobal
